
Microsoft Visual Studio Solution File, Format Version 12.00
# Visual Studio Version 16
VisualStudioVersion = 16.0.30406.217
MinimumVisualStudioVersion = 10.0.40219.1
Project("{FAE04EC0-301F-11D3-BF4B-00C04F79EFBC}") = "eMarket.Web.UI", "eMarket.Web.UI\eMarket.Web.UI.csproj", "{7D6153C0-8A89-49D0-8D89-C5929C611191}"
EndProject
Project("{FAE04EC0-301F-11D3-BF4B-00C04F79EFBC}") = "eMarket.Data", "eMarket.Data\eMarket.Data.csproj", "{D5887CCF-218D-45EE-98D8-E65198ACA3E9}"
EndProject
Project("{FAE04EC0-301F-11D3-BF4B-00C04F79EFBC}") = "eMarket.Business", "eMarket.Business\eMarket.Business.csproj", "{153E3F09-C340-4FBD-A8E1-6A5F7DD64943}"
EndProject
Project("{FAE04EC0-301F-11D3-BF4B-00C04F79EFBC}") = "eMarket.Entity", "eMarket.Entity\eMarket.Entity.csproj", "{37E6CE09-D0BE-40BC-8B08-C43A604BE9DB}"
EndProject
Global
	GlobalSection(SolutionConfigurationPlatforms) = preSolution
		Debug|Any CPU = Debug|Any CPU
		Release|Any CPU = Release|Any CPU
	EndGlobalSection
	GlobalSection(ProjectConfigurationPlatforms) = postSolution
		{7D6153C0-8A89-49D0-8D89-C5929C611191}.Debug|Any CPU.ActiveCfg = Debug|Any CPU
		{7D6153C0-8A89-49D0-8D89-C5929C611191}.Debug|Any CPU.Build.0 = Debug|Any CPU
		{7D6153C0-8A89-49D0-8D89-C5929C611191}.Release|Any CPU.ActiveCfg = Release|Any CPU
		{7D6153C0-8A89-49D0-8D89-C5929C611191}.Release|Any CPU.Build.0 = Release|Any CPU
		{D5887CCF-218D-45EE-98D8-E65198ACA3E9}.Debug|Any CPU.ActiveCfg = Debug|Any CPU
		{D5887CCF-218D-45EE-98D8-E65198ACA3E9}.Debug|Any CPU.Build.0 = Debug|Any CPU
		{D5887CCF-218D-45EE-98D8-E65198ACA3E9}.Release|Any CPU.ActiveCfg = Release|Any CPU
		{D5887CCF-218D-45EE-98D8-E65198ACA3E9}.Release|Any CPU.Build.0 = Release|Any CPU
		{153E3F09-C340-4FBD-A8E1-6A5F7DD64943}.Debug|Any CPU.ActiveCfg = Debug|Any CPU
		{153E3F09-C340-4FBD-A8E1-6A5F7DD64943}.Debug|Any CPU.Build.0 = Debug|Any CPU
		{153E3F09-C340-4FBD-A8E1-6A5F7DD64943}.Release|Any CPU.ActiveCfg = Release|Any CPU
		{153E3F09-C340-4FBD-A8E1-6A5F7DD64943}.Release|Any CPU.Build.0 = Release|Any CPU
		{37E6CE09-D0BE-40BC-8B08-C43A604BE9DB}.Debug|Any CPU.ActiveCfg = Debug|Any CPU
		{37E6CE09-D0BE-40BC-8B08-C43A604BE9DB}.Debug|Any CPU.Build.0 = Debug|Any CPU
		{37E6CE09-D0BE-40BC-8B08-C43A604BE9DB}.Release|Any CPU.ActiveCfg = Release|Any CPU
		{37E6CE09-D0BE-40BC-8B08-C43A604BE9DB}.Release|Any CPU.Build.0 = Release|Any CPU
	EndGlobalSection
	GlobalSection(SolutionProperties) = preSolution
		HideSolutionNode = FALSE
	EndGlobalSection
	GlobalSection(ExtensibilityGlobals) = postSolution
		SolutionGuid = {275D1A8A-1511-4F72-8F4B-4D922D804731}
	EndGlobalSection
EndGlobal
